// !$*UTF8*$!
{
	archiveVersion = 1;
	classes = {
	};
	objectVersion = 55;
	objects = {

/* Begin PBXBuildFile section */
		7E19C87F28875A1E00A48204 /* AppDelegate.swift in Sources */ = {isa = PBXBuildFile; fileRef = 7E19C87E28875A1E00A48204 /* AppDelegate.swift */; };
		7E19C88128875A1E00A48204 /* SceneDelegate.swift in Sources */ = {isa = PBXBuildFile; fileRef = 7E19C88028875A1E00A48204 /* SceneDelegate.swift */; };
		7E19C88328875A1E00A48204 /* ViewController.swift in Sources */ = {isa = PBXBuildFile; fileRef = 7E19C88228875A1E00A48204 /* ViewController.swift */; };
		7E19C88628875A1E00A48204 /* Main.storyboard in Resources */ = {isa = PBXBuildFile; fileRef = 7E19C88428875A1E00A48204 /* Main.storyboard */; };
		7E19C88828875A1F00A48204 /* Assets.xcassets in Resources */ = {isa = PBXBuildFile; fileRef = 7E19C88728875A1F00A48204 /* Assets.xcassets */; };
		7E19C88B28875A1F00A48204 /* LaunchScreen.storyboard in Resources */ = {isa = PBXBuildFile; fileRef = 7E19C88928875A1F00A48204 /* LaunchScreen.storyboard */; };
		7E19C89628875A1F00A48204 /* IOS_University_PreworkTests.swift in Sources */ = {isa = PBXBuildFile; fileRef = 7E19C89528875A1F00A48204 /* IOS_University_PreworkTests.swift */; };
		7E19C8A028875A1F00A48204 /* IOS_University_PreworkUITests.swift in Sources */ = {isa = PBXBuildFile; fileRef = 7E19C89F28875A1F00A48204 /* IOS_University_PreworkUITests.swift */; };
		7E19C8A228875A1F00A48204 /* IOS_University_PreworkUITestsLaunchTests.swift in Sources */ = {isa = PBXBuildFile; fileRef = 7E19C8A128875A1F00A48204 /* IOS_University_PreworkUITestsLaunchTests.swift */; };
/* End PBXBuildFile section */

/* Begin PBXContainerItemProxy section */
		7E19C89228875A1F00A48204 /* PBXContainerItemProxy */ = {
			isa = PBXContainerItemProxy;
			containerPortal = 7E19C87328875A1E00A48204 /* Project object */;
			proxyType = 1;
			remoteGlobalIDString = 7E19C87A28875A1E00A48204;
			remoteInfo = "IOS University Prework";
		};
		7E19C89C28875A1F00A48204 /* PBXContainerItemProxy */ = {
			isa = PBXContainerItemProxy;
			containerPortal = 7E19C87328875A1E00A48204 /* Project object */;
			proxyType = 1;
			remoteGlobalIDString = 7E19C87A28875A1E00A48204;
			remoteInfo = "IOS University Prework";
		};
/* End PBXContainerItemProxy section */

/* Begin PBXFileReference section */
		7E19C87B28875A1E00A48204 /* IOS University Prework.app */ = {isa = PBXFileReference; explicitFileType = wrapper.application; includeInIndex = 0; path = "IOS University Prework.app"; sourceTree = BUILT_PRODUCTS_DIR; };
		7E19C87E28875A1E00A48204 /* AppDelegate.swift */ = {isa = PBXFileReference; lastKnownFileType = sourcecode.swift; path = AppDelegate.swift; sourceTree = "<group>"; };
		7E19C88028875A1E00A48204 /* SceneDelegate.swift */ = {isa = PBXFileReference; lastKnownFileType = sourcecode.swift; path = SceneDelegate.swift; sourceTree = "<group>"; };
		7E19C88228875A1E00A48204 /* ViewController.swift */ = {isa = PBXFileReference; lastKnownFileType = sourcecode.swift; path = ViewController.swift; sourceTree = "<group>"; };
		7E19C88528875A1E00A48204 /* Base */ = {isa = PBXFileReference; lastKnownFileType = file.storyboard; name = Base; path = Base.lproj/Main.storyboard; sourceTree = "<group>"; };
		7E19C88728875A1F00A48204 /* Assets.xcassets */ = {isa = PBXFileReference; lastKnownFileType = folder.assetcatalog; path = Assets.xcassets; sourceTree = "<group>"; };
		7E19C88A28875A1F00A48204 /* Base */ = {isa = PBXFileReference; lastKnownFileType = file.storyboard; name = Base; path = Base.lproj/LaunchScreen.storyboard; sourceTree = "<group>"; };
		7E19C88C28875A1F00A48204 /* Info.plist */ = {isa = PBXFileReference; lastKnownFileType = text.plist.xml; path = Info.plist; sourceTree = "<group>"; };
		7E19C89128875A1F00A48204 /* IOS University PreworkTests.xctest */ = {isa = PBXFileReference; explicitFileType = wrapper.cfbundle; includeInIndex = 0; path = "IOS University PreworkTests.xctest"; sourceTree = BUILT_PRODUCTS_DIR; };
		7E19C89528875A1F00A48204 /* IOS_University_PreworkTests.swift */ = {isa = PBXFileReference; lastKnownFileType = sourcecode.swift; path = IOS_University_PreworkTests.swift; sourceTree = "<group>"; };
		7E19C89B28875A1F00A48204 /* IOS University PreworkUITests.xctest */ = {isa = PBXFileReference; explicitFileType = wrapper.cfbundle; includeInIndex = 0; path = "IOS University PreworkUITests.xctest"; sourceTree = BUILT_PRODUCTS_DIR; };
		7E19C89F28875A1F00A48204 /* IOS_University_PreworkUITests.swift */ = {isa = PBXFileReference; lastKnownFileType = sourcecode.swift; path = IOS_University_PreworkUITests.swift; sourceTree = "<group>"; };
		7E19C8A128875A1F00A48204 /* IOS_University_PreworkUITestsLaunchTests.swift */ = {isa = PBXFileReference; lastKnownFileType = sourcecode.swift; path = IOS_University_PreworkUITestsLaunchTests.swift; sourceTree = "<group>"; };
/* End PBXFileReference section */

/* Begin PBXFrameworksBuildPhase section */
		7E19C87828875A1E00A48204 /* Frameworks */ = {
			isa = PBXFrameworksBuildPhase;
			buildActionMask = 2147483647;
			files = (
			);
			runOnlyForDeploymentPostprocessing = 0;
		};
		7E19C88E28875A1F00A48204 /* Frameworks */ = {
			isa = PBXFrameworksBuildPhase;
			buildActionMask = 2147483647;
			files = (
			);
			runOnlyForDeploymentPostprocessing = 0;
		};
		7E19C89828875A1F00A48204 /* Frameworks */ = {
			isa = PBXFrameworksBuildPhase;
			buildActionMask = 2147483647;
			files = (
			);
			runOnlyForDeploymentPostprocessing = 0;
		};
/* End PBXFrameworksBuildPhase section */

/* Begin PBXGroup section */
		7E19C87228875A1E00A48204 = {
			isa = PBXGroup;
			children = (
				7E19C87D28875A1E00A48204 /* IOS University Prework */,
				7E19C89428875A1F00A48204 /* IOS University PreworkTests */,
				7E19C89E28875A1F00A48204 /* IOS University PreworkUITests */,
				7E19C87C28875A1E00A48204 /* Products */,
			);
			sourceTree = "<group>";
		};
		7E19C87C28875A1E00A48204 /* Products */ = {
			isa = PBXGroup;
			children = (
				7E19C87B28875A1E00A48204 /* IOS University Prework.app */,
				7E19C89128875A1F00A48204 /* IOS University PreworkTests.xctest */,
				7E19C89B28875A1F00A48204 /* IOS University PreworkUITests.xctest */,
			);
			name = Products;
			sourceTree = "<group>";
		};
		7E19C87D28875A1E00A48204 /* IOS University Prework */ = {
			isa = PBXGroup;
			children = (
				7E19C87E28875A1E00A48204 /* AppDelegate.swift */,
				7E19C88028875A1E00A48204 /* SceneDelegate.swift */,
				7E19C88228875A1E00A48204 /* ViewController.swift */,
				7E19C88428875A1E00A48204 /* Main.storyboard */,
				7E19C88728875A1F00A48204 /* Assets.xcassets */,
				7E19C88928875A1F00A48204 /* LaunchScreen.storyboard */,
				7E19C88C28875A1F00A48204 /* Info.plist */,
			);
			path = "IOS University Prework";
			sourceTree = "<group>";
		};
		7E19C89428875A1F00A48204 /* IOS University PreworkTests */ = {
			isa = PBXGroup;
			children = (
				7E19C89528875A1F00A48204 /* IOS_University_PreworkTests.swift */,
			);
			path = "IOS University PreworkTests";
			sourceTree = "<group>";
		};
		7E19C89E28875A1F00A48204 /* IOS University PreworkUITests */ = {
			isa = PBXGroup;
			children = (
				7E19C89F28875A1F00A48204 /* IOS_University_PreworkUITests.swift */,
				7E19C8A128875A1F00A48204 /* IOS_University_PreworkUITestsLaunchTests.swift */,
			);
			path = "IOS University PreworkUITests";
			sourceTree = "<group>";
		};
/* End PBXGroup section */

/* Begin PBXNativeTarget section */
		7E19C87A28875A1E00A48204 /* IOS University Prework */ = {
			isa = PBXNativeTarget;
			buildConfigurationList = 7E19C8A528875A1F00A48204 /* Build configuration list for PBXNativeTarget "IOS University Prework" */;
			buildPhases = (
				7E19C87728875A1E00A48204 /* Sources */,
				7E19C87828875A1E00A48204 /* Frameworks */,
				7E19C87928875A1E00A48204 /* Resources */,
			);
			buildRules = (
			);
			dependencies = (
			);
			name = "IOS University Prework";
			productName = "IOS University Prework";
			productReference = 7E19C87B28875A1E00A48204 /* IOS University Prework.app */;
			productType = "com.apple.product-type.application";
		};
		7E19C89028875A1F00A48204 /* IOS University PreworkTests */ = {
			isa = PBXNativeTarget;
			buildConfigurationList = 7E19C8A828875A1F00A48204 /* Build configuration list for PBXNativeTarget "IOS University PreworkTests" */;
			buildPhases = (
				7E19C88D28875A1F00A48204 /* Sources */,
				7E19C88E28875A1F00A48204 /* Frameworks */,
				7E19C88F28875A1F00A48204 /* Resources */,
			);
			buildRules = (
			);
			dependencies = (
				7E19C89328875A1F00A48204 /* PBXTargetDependency */,
			);
			name = "IOS University PreworkTests";
			productName = "IOS University PreworkTests";
			productReference = 7E19C89128875A1F00A48204 /* IOS University PreworkTests.xctest */;
			productType = "com.apple.product-type.bundle.unit-test";
		};
		7E19C89A28875A1F00A48204 /* IOS University PreworkUITests */ = {
			isa = PBXNativeTarget;
			buildConfigurationList = 7E19C8AB28875A1F00A48204 /* Build configuration list for PBXNativeTarget "IOS University PreworkUITests" */;
			buildPhases = (
				7E19C89728875A1F00A48204 /* Sources */,
				7E19C89828875A1F00A48204 /* Frameworks */,
				7E19C89928875A1F00A48204 /* Resources */,
			);
			buildRules = (
			);
			dependencies = (
				7E19C89D28875A1F00A48204 /* PBXTargetDependency */,
			);
			name = "IOS University PreworkUITests";
			productName = "IOS University PreworkUITests";
			productReference = 7E19C89B28875A1F00A48204 /* IOS University PreworkUITests.xctest */;
			productType = "com.apple.product-type.bundle.ui-testing";
		};
/* End PBXNativeTarget section */

/* Begin PBXProject section */
		7E19C87328875A1E00A48204 /* Project object */ = {
			isa = PBXProject;
			attributes = {
				BuildIndependentTargetsInParallel = 1;
				LastSwiftUpdateCheck = 1340;
				LastUpgradeCheck = 1340;
				TargetAttributes = {
					7E19C87A28875A1E00A48204 = {
						CreatedOnToolsVersion = 13.4.1;
					};
					7E19C89028875A1F00A48204 = {
						CreatedOnToolsVersion = 13.4.1;
						TestTargetID = 7E19C87A28875A1E00A48204;
					};
					7E19C89A28875A1F00A48204 = {
						CreatedOnToolsVersion = 13.4.1;
						TestTargetID = 7E19C87A28875A1E00A48204;
					};
				};
			};
			buildConfigurationList = 7E19C87628875A1E00A48204 /* Build configuration list for PBXProject "IOS University Prework" */;
			compatibilityVersion = "Xcode 13.0";
			developmentRegion = en;
			hasScannedForEncodings = 0;
			knownRegions = (
				en,
				Base,
			);
			mainGroup = 7E19C87228875A1E00A48204;
			productRefGroup = 7E19C87C28875A1E00A48204 /* Products */;
			projectDirPath = "";
			projectRoot = "";
			targets = (
				7E19C87A28875A1E00A48204 /* IOS University Prework */,
				7E19C89028875A1F00A48204 /* IOS University PreworkTests */,
				7E19C89A28875A1F00A48204 /* IOS University PreworkUITests */,
			);
		};
/* End PBXProject section */

/* Begin PBXResourcesBuildPhase section */
		7E19C87928875A1E00A48204 /* Resources */ = {
			isa = PBXResourcesBuildPhase;
			buildActionMask = 2147483647;
			files = (
				7E19C88B28875A1F00A48204 /* LaunchScreen.storyboard in Resources */,
				7E19C88828875A1F00A48204 /* Assets.xcassets in Resources */,
				7E19C88628875A1E00A48204 /* Main.storyboard in Resources */,
			);
			runOnlyForDeploymentPostprocessing = 0;
		};
		7E19C88F28875A1F00A48204 /* Resources */ = {
			isa = PBXResourcesBuildPhase;
			buildActionMask = 2147483647;
			files = (
			);
			runOnlyForDeploymentPostprocessing = 0;
		};
		7E19C89928875A1F00A48204 /* Resources */ = {
			isa = PBXResourcesBuildPhase;
			buildActionMask = 2147483647;
			files = (
			);
			runOnlyForDeploymentPostprocessing = 0;
		};
/* End PBXResourcesBuildPhase section */

/* Begin PBXSourcesBuildPhase section */
		7E19C87728875A1E00A48204 /* Sources */ = {
			isa = PBXSourcesBuildPhase;
			buildActionMask = 2147483647;
			files = (
				7E19C88328875A1E00A48204 /* ViewController.swift in Sources */,
				7E19C87F28875A1E00A48204 /* AppDelegate.swift in Sources */,
				7E19C88128875A1E00A48204 /* SceneDelegate.swift in Sources */,
			);
			runOnlyForDeploymentPostprocessing = 0;
		};
		7E19C88D28875A1F00A48204 /* Sources */ = {
			isa = PBXSourcesBuildPhase;
			buildActionMask = 2147483647;
			files = (
				7E19C89628875A1F00A48204 /* IOS_University_PreworkTests.swift in Sources */,
			);
			runOnlyForDeploymentPostprocessing = 0;
		};
		7E19C89728875A1F00A48204 /* Sources */ = {
			isa = PBXSourcesBuildPhase;
			buildActionMask = 2147483647;
			files = (
				7E19C8A028875A1F00A48204 /* IOS_University_PreworkUITests.swift in Sources */,
				7E19C8A228875A1F00A48204 /* IOS_University_PreworkUITestsLaunchTests.swift in Sources */,
			);
			runOnlyForDeploymentPostprocessing = 0;
		};
/* End PBXSourcesBuildPhase section */

/* Begin PBXTargetDependency section */
		7E19C89328875A1F00A48204 /* PBXTargetDependency */ = {
			isa = PBXTargetDependency;
			target = 7E19C87A28875A1E00A48204 /* IOS University Prework */;
			targetProxy = 7E19C89228875A1F00A48204 /* PBXContainerItemProxy */;
		};
		7E19C89D28875A1F00A48204 /* PBXTargetDependency */ = {
			isa = PBXTargetDependency;
			target = 7E19C87A28875A1E00A48204 /* IOS University Prework */;
			targetProxy = 7E19C89C28875A1F00A48204 /* PBXContainerItemProxy */;
		};
/* End PBXTargetDependency section */

/* Begin PBXVariantGroup section */
		7E19C88428875A1E00A48204 /* Main.storyboard */ = {
			isa = PBXVariantGroup;
			children = (
				7E19C88528875A1E00A48204 /* Base */,
			);
			name = Main.storyboard;
			sourceTree = "<group>";
		};
		7E19C88928875A1F00A48204 /* LaunchScreen.storyboard */ = {
			isa = PBXVariantGroup;
			children = (
				7E19C88A28875A1F00A48204 /* Base */,
			);
			name = LaunchScreen.storyboard;
			sourceTree = "<group>";
		};
/* End PBXVariantGroup section */

/* Begin XCBuildConfiguration section */
		7E19C8A328875A1F00A48204 /* Debug */ = {
			isa = XCBuildConfiguration;
			buildSettings = {
				ALWAYS_SEARCH_USER_PATHS = NO;
				CLANG_ANALYZER_NONNULL = YES;
				CLANG_ANALYZER_NUMBER_OBJECT_CONVERSION = YES_AGGRESSIVE;
				CLANG_CXX_LANGUAGE_STANDARD = "gnu++17";
				CLANG_ENABLE_MODULES = YES;
				CLANG_ENABLE_OBJC_ARC = YES;
				CLANG_ENABLE_OBJC_WEAK = YES;
				CLANG_WARN_BLOCK_CAPTURE_AUTORELEASING = YES;
				CLANG_WARN_BOOL_CONVERSION = YES;
				CLANG_WARN_COMMA = YES;
				CLANG_WARN_CONSTANT_CONVERSION = YES;
				CLANG_WARN_DEPRECATED_OBJC_IMPLEMENTATIONS = YES;
				CLANG_WARN_DIRECT_OBJC_ISA_USAGE = YES_ERROR;
				CLANG_WARN_DOCUMENTATION_COMMENTS = YES;
				CLANG_WARN_EMPTY_BODY = YES;
				CLANG_WARN_ENUM_CONVERSION = YES;
				CLANG_WARN_INFINITE_RECURSION = YES;
				CLANG_WARN_INT_CONVERSION = YES;
				CLANG_WARN_NON_LITERAL_NULL_CONVERSION = YES;
				CLANG_WARN_OBJC_IMPLICIT_RETAIN_SELF = YES;
				CLANG_WARN_OBJC_LITERAL_CONVERSION = YES;
				CLANG_WARN_OBJC_ROOT_CLASS = YES_ERROR;
				CLANG_WARN_QUOTED_INCLUDE_IN_FRAMEWORK_HEADER = YES;
				CLANG_WARN_RANGE_LOOP_ANALYSIS = YES;
				CLANG_WARN_STRICT_PROTOTYPES = YES;
				CLANG_WARN_SUSPICIOUS_MOVE = YES;
				CLANG_WARN_UNGUARDED_AVAILABILITY = YES_AGGRESSIVE;
				CLANG_WARN_UNREACHABLE_CODE = YES;
				CLANG_WARN__DUPLICATE_METHOD_MATCH = YES;
				COPY_PHASE_STRIP = NO;
				DEBUG_INFORMATION_FORMAT = dwarf;
				ENABLE_STRICT_OBJC_MSGSEND = YES;
				ENABLE_TESTABILITY = YES;
				GCC_C_LANGUAGE_STANDARD = gnu11;
				GCC_DYNAMIC_NO_PIC = NO;
				GCC_NO_COMMON_BLOCKS = YES;
				GCC_OPTIMIZATION_LEVEL = 0;
				GCC_PREPROCESSOR_DEFINITIONS = (
					"DEBUG=1",
					"$(inherited)",
				);
				GCC_WARN_64_TO_32_BIT_CONVERSION = YES;
				GCC_WARN_ABOUT_RETURN_TYPE = YES_ERROR;
				GCC_WARN_UNDECLARED_SELECTOR = YES;
				GCC_WARN_UNINITIALIZED_AUTOS = YES_AGGRESSIVE;
				GCC_WARN_UNUSED_FUNCTION = YES;
				GCC_WARN_UNUSED_VARIABLE = YES;
				IPHONEOS_DEPLOYMENT_TARGET = 15.5;
				MTL_ENABLE_DEBUG_INFO = INCLUDE_SOURCE;
				MTL_FAST_MATH = YES;
				ONLY_ACTIVE_ARCH = YES;
				SDKROOT = iphoneos;
				SWIFT_ACTIVE_COMPILATION_CONDITIONS = DEBUG;
				SWIFT_OPTIMIZATION_LEVEL = "-Onone";
			};
			name = Debug;
		};
		7E19C8A428875A1F00A48204 /* Release */ = {
			isa = XCBuildConfiguration;
			buildSettings = {
				ALWAYS_SEARCH_USER_PATHS = NO;
				CLANG_ANALYZER_NONNULL = YES;
				CLANG_ANALYZER_NUMBER_OBJECT_CONVERSION = YES_AGGRESSIVE;
				CLANG_CXX_LANGUAGE_STANDARD = "gnu++17";
				CLANG_ENABLE_MODULES = YES;
				CLANG_ENABLE_OBJC_ARC = YES;
				CLANG_ENABLE_OBJC_WEAK = YES;
				CLANG_WARN_BLOCK_CAPTURE_AUTORELEASING = YES;
				CLANG_WARN_BOOL_CONVERSION = YES;
				CLANG_WARN_COMMA = YES;
				CLANG_WARN_CONSTANT_CONVERSION = YES;
				CLANG_WARN_DEPRECATED_OBJC_IMPLEMENTATIONS = YES;
				CLANG_WARN_DIRECT_OBJC_ISA_USAGE = YES_ERROR;
				CLANG_WARN_DOCUMENTATION_COMMENTS = YES;
				CLANG_WARN_EMPTY_BODY = YES;
				CLANG_WARN_ENUM_CONVERSION = YES;
				CLANG_WARN_INFINITE_RECURSION = YES;
				CLANG_WARN_INT_CONVERSION = YES;
				CLANG_WARN_NON_LITERAL_NULL_CONVERSION = YES;
				CLANG_WARN_OBJC_IMPLICIT_RETAIN_SELF = YES;
				CLANG_WARN_OBJC_LITERAL_CONVERSION = YES;
				CLANG_WARN_OBJC_ROOT_CLASS = YES_ERROR;
				CLANG_WARN_QUOTED_INCLUDE_IN_FRAMEWORK_HEADER = YES;
				CLANG_WARN_RANGE_LOOP_ANALYSIS = YES;
				CLANG_WARN_STRICT_PROTOTYPES = YES;
				CLANG_WARN_SUSPICIOUS_MOVE = YES;
				CLANG_WARN_UNGUARDED_AVAILABILITY = YES_AGGRESSIVE;
				CLANG_WARN_UNREACHABLE_CODE = YES;
				CLANG_WARN__DUPLICATE_METHOD_MATCH = YES;
				COPY_PHASE_STRIP = NO;
				DEBUG_INFORMATION_FORMAT = "dwarf-with-dsym";
				ENABLE_NS_ASSERTIONS = NO;
				ENABLE_STRICT_OBJC_MSGSEND = YES;
				GCC_C_LANGUAGE_STANDARD = gnu11;
				GCC_NO_COMMON_BLOCKS = YES;
				GCC_WARN_64_TO_32_BIT_CONVERSION = YES;
				GCC_WARN_ABOUT_RETURN_TYPE = YES_ERROR;
				GCC_WARN_UNDECLARED_SELECTOR = YES;
				GCC_WARN_UNINITIALIZED_AUTOS = YES_AGGRESSIVE;
				GCC_WARN_UNUSED_FUNCTION = YES;
				GCC_WARN_UNUSED_VARIABLE = YES;
				IPHONEOS_DEPLOYMENT_TARGET = 15.5;
				MTL_ENABLE_DEBUG_INFO = NO;
				MTL_FAST_MATH = YES;
				SDKROOT = iphoneos;
				SWIFT_COMPILATION_MODE = wholemodule;
				SWIFT_OPTIMIZATION_LEVEL = "-O";
				VALIDATE_PRODUCT = YES;
			};
			name = Release;
		};
		7E19C8A628875A1F00A48204 /* Debug */ = {
			isa = XCBuildConfiguration;
			buildSettings = {
				ASSETCATALOG_COMPILER_APPICON_NAME = AppIcon;
				ASSETCATALOG_COMPILER_GLOBAL_ACCENT_COLOR_NAME = AccentColor;
				CODE_SIGN_STYLE = Automatic;
				CURRENT_PROJECT_VERSION = 1;
				GENERATE_INFOPLIST_FILE = YES;
				INFOPLIST_FILE = "IOS University Prework/Info.plist";
				INFOPLIST_KEY_UIApplicationSupportsIndirectInputEvents = YES;
				INFOPLIST_KEY_UILaunchStoryboardName = LaunchScreen;
				INFOPLIST_KEY_UIMainStoryboardFile = Main;
				INFOPLIST_KEY_UISupportedInterfaceOrientations_iPad = "UIInterfaceOrientationPortrait UIInterfaceOrientationPortraitUpsideDown UIInterfaceOrientationLandscapeLeft UIInterfaceOrientationLandscapeRight";
				INFOPLIST_KEY_UISupportedInterfaceOrientations_iPhone = "UIInterfaceOrientationPortrait UIInterfaceOrientationLandscapeLeft UIInterfaceOrientationLandscapeRight";
				LD_RUNPATH_SEARCH_PATHS = (
					"$(inherited)",
					"@executable_path/Frameworks",
				);
				MARKETING_VERSION = 1.0;
				PRODUCT_BUNDLE_IDENTIFIER = "memo.com.IOS-University-Prework";
				PRODUCT_NAME = "$(TARGET_NAME)";
				SWIFT_EMIT_LOC_STRINGS = YES;
				SWIFT_VERSION = 5.0;
				TARGETED_DEVICE_FAMILY = "1,2";
			};
			name = Debug;
		};
		7E19C8A728875A1F00A48204 /* Release */ = {
			isa = XCBuildConfiguration;
			buildSettings = {
				ASSETCATALOG_COMPILER_APPICON_NAME = AppIcon;
				ASSETCATALOG_COMPILER_GLOBAL_ACCENT_COLOR_NAME = AccentColor;
				CODE_SIGN_STYLE = Automatic;
				CURRENT_PROJECT_VERSION = 1;
				GENERATE_INFOPLIST_FILE = YES;
				INFOPLIST_FILE = "IOS University Prework/Info.plist";
				INFOPLIST_KEY_UIApplicationSupportsIndirectInputEvents = YES;
				INFOPLIST_KEY_UILaunchStoryboardName = LaunchScreen;
				INFOPLIST_KEY_UIMainStoryboardFile = Main;
				INFOPLIST_KEY_UISupportedInterfaceOrientations_iPad = "UIInterfaceOrientationPortrait UIInterfaceOrientationPortraitUpsideDown UIInterfaceOrientationLandscapeLeft UIInterfaceOrientationLandscapeRight";
				INFOPLIST_KEY_UISupportedInterfaceOrientations_iPhone = "UIInterfaceOrientationPortrait UIInterfaceOrientationLandscapeLeft UIInterfaceOrientationLandscapeRight";
				LD_RUNPATH_SEARCH_PATHS = (
					"$(inherited)",
					"@executable_path/Frameworks",
				);
				MARKETING_VERSION = 1.0;
				PRODUCT_BUNDLE_IDENTIFIER = "memo.com.IOS-University-Prework";
				PRODUCT_NAME = "$(TARGET_NAME)";
				SWIFT_EMIT_LOC_STRINGS = YES;
				SWIFT_VERSION = 5.0;
				TARGETED_DEVICE_FAMILY = "1,2";
			};
			name = Release;
		};
		7E19C8A928875A1F00A48204 /* Debug */ = {
			isa = XCBuildConfiguration;
			buildSettings = {
				ALWAYS_EMBED_SWIFT_STANDARD_LIBRARIES = YES;
				BUNDLE_LOADER = "$(TEST_HOST)";
				CODE_SIGN_STYLE = Automatic;
				CURRENT_PROJECT_VERSION = 1;
				GENERATE_INFOPLIST_FILE = YES;
				IPHONEOS_DEPLOYMENT_TARGET = 15.5;
				MARKETING_VERSION = 1.0;
				PRODUCT_BUNDLE_IDENTIFIER = "memo.com.IOS-University-PreworkTests";
				PRODUCT_NAME = "$(TARGET_NAME)";
				SWIFT_EMIT_LOC_STRINGS = NO;
				SWIFT_VERSION = 5.0;
				TARGETED_DEVICE_FAMILY = "1,2";
				TEST_HOST = "$(BUILT_PRODUCTS_DIR)/IOS University Prework.app/IOS University Prework";
			};
			name = Debug;
		};
		7E19C8AA28875A1F00A48204 /* Release */ = {
			isa = XCBuildConfiguration;
			buildSettings = {
				ALWAYS_EMBED_SWIFT_STANDARD_LIBRARIES = YES;
				BUNDLE_LOADER = "$(TEST_HOST)";
				CODE_SIGN_STYLE = Automatic;
				CURRENT_PROJECT_VERSION = 1;
				GENERATE_INFOPLIST_FILE = YES;
				IPHONEOS_DEPLOYMENT_TARGET = 15.5;
				MARKETING_VERSION = 1.0;
				PRODUCT_BUNDLE_IDENTIFIER = "memo.com.IOS-University-PreworkTests";
				PRODUCT_NAME = "$(TARGET_NAME)";
				SWIFT_EMIT_LOC_STRINGS = NO;
				SWIFT_VERSION = 5.0;
				TARGETED_DEVICE_FAMILY = "1,2";
				TEST_HOST = "$(BUILT_PRODUCTS_DIR)/IOS University Prework.app/IOS University Prework";
			};
			name = Release;
		};
		7E19C8AC28875A1F00A48204 /* Debug */ = {
			isa = XCBuildConfiguration;
			buildSettings = {
				ALWAYS_EMBED_SWIFT_STANDARD_LIBRARIES = YES;
				CODE_SIGN_STYLE = Automatic;
				CURRENT_PROJECT_VERSION = 1;
				GENERATE_INFOPLIST_FILE = YES;
				MARKETING_VERSION = 1.0;
				PRODUCT_BUNDLE_IDENTIFIER = "memo.com.IOS-University-PreworkUITests";
				PRODUCT_NAME = "$(TARGET_NAME)";
				SWIFT_EMIT_LOC_STRINGS = NO;
				SWIFT_VERSION = 5.0;
				TARGETED_DEVICE_FAMILY = "1,2";
				TEST_TARGET_NAME = "IOS University Prework";
			};
			name = Debug;
		};
		7E19C8AD28875A1F00A48204 /* Release */ = {
			isa = XCBuildConfiguration;
			buildSettings = {
				ALWAYS_EMBED_SWIFT_STANDARD_LIBRARIES = YES;
				CODE_SIGN_STYLE = Automatic;
				CURRENT_PROJECT_VERSION = 1;
				GENERATE_INFOPLIST_FILE = YES;
				MARKETING_VERSION = 1.0;
				PRODUCT_BUNDLE_IDENTIFIER = "memo.com.IOS-University-PreworkUITests";
				PRODUCT_NAME = "$(TARGET_NAME)";
				SWIFT_EMIT_LOC_STRINGS = NO;
				SWIFT_VERSION = 5.0;
				TARGETED_DEVICE_FAMILY = "1,2";
				TEST_TARGET_NAME = "IOS University Prework";
			};
			name = Release;
		};
/* End XCBuildConfiguration section */

/* Begin XCConfigurationList section */
		7E19C87628875A1E00A48204 /* Build configuration list for PBXProject "IOS University Prework" */ = {
			isa = XCConfigurationList;
			buildConfigurations = (
				7E19C8A328875A1F00A48204 /* Debug */,
				7E19C8A428875A1F00A48204 /* Release */,
			);
			defaultConfigurationIsVisible = 0;
			defaultConfigurationName = Release;
		};
		7E19C8A528875A1F00A48204 /* Build configuration list for PBXNativeTarget "IOS University Prework" */ = {
			isa = XCConfigurationList;
			buildConfigurations = (
				7E19C8A628875A1F00A48204 /* Debug */,
				7E19C8A728875A1F00A48204 /* Release */,
			);
			defaultConfigurationIsVisible = 0;
			defaultConfigurationName = Release;
		};
		7E19C8A828875A1F00A48204 /* Build configuration list for PBXNativeTarget "IOS University PreworkTests" */ = {
			isa = XCConfigurationList;
			buildConfigurations = (
				7E19C8A928875A1F00A48204 /* Debug */,
				7E19C8AA28875A1F00A48204 /* Release */,
			);
			defaultConfigurationIsVisible = 0;
			defaultConfigurationName = Release;
		};
		7E19C8AB28875A1F00A48204 /* Build configuration list for PBXNativeTarget "IOS University PreworkUITests" */ = {
			isa = XCConfigurationList;
			buildConfigurations = (
				7E19C8AC28875A1F00A48204 /* Debug */,
				7E19C8AD28875A1F00A48204 /* Release */,
			);
			defaultConfigurationIsVisible = 0;
			defaultConfigurationName = Release;
		};
/* End XCConfigurationList section */
	};
	rootObject = 7E19C87328875A1E00A48204 /* Project object */;
}
